// !$*UTF8*$!
{
	archiveVersion = 1;
	classes = {
	};
	objectVersion = 51;
	objects = {

/* Begin PBXBuildFile section */
		842E245F270D815B008F7B67 /* SignUp4ViewController.swift in Sources */ = {isa = PBXBuildFile; fileRef = 842E245E270D815B008F7B67 /* SignUp4ViewController.swift */; };
		84598E88270C10D7003978F9 /* DesignTemplate.swift in Sources */ = {isa = PBXBuildFile; fileRef = 84598E87270C10D7003978F9 /* DesignTemplate.swift */; };
		84598E8C270C1B02003978F9 /* Launch Screen.storyboard in Resources */ = {isa = PBXBuildFile; fileRef = 84598E8B270C1B02003978F9 /* Launch Screen.storyboard */; };
		84598E8E270C1C7C003978F9 /* LaunchScreenViewController.swift in Sources */ = {isa = PBXBuildFile; fileRef = 84598E8D270C1C7C003978F9 /* LaunchScreenViewController.swift */; };
		845FA3AD2711692000FFBD5C /* SuccessViewController.swift in Sources */ = {isa = PBXBuildFile; fileRef = 845FA3AC2711692000FFBD5C /* SuccessViewController.swift */; };
		845FA3AF27116E0A00FFBD5C /* AchievementViewController.swift in Sources */ = {isa = PBXBuildFile; fileRef = 845FA3AE27116E0A00FFBD5C /* AchievementViewController.swift */; };
		845FA3B127141D4900FFBD5C /* CircularProgressBarViewController.swift in Sources */ = {isa = PBXBuildFile; fileRef = 845FA3B027141D4900FFBD5C /* CircularProgressBarViewController.swift */; };
		846BF3952716F67F008461BB /* LevelViewController.swift in Sources */ = {isa = PBXBuildFile; fileRef = 846BF3942716F67F008461BB /* LevelViewController.swift */; };
		846BF3972716FA9D008461BB /* WorkTimingViewController.swift in Sources */ = {isa = PBXBuildFile; fileRef = 846BF3962716FA9D008461BB /* WorkTimingViewController.swift */; };
		846BF3992717FBE2008461BB /* Level1ViewController.swift in Sources */ = {isa = PBXBuildFile; fileRef = 846BF3982717FBE2008461BB /* Level1ViewController.swift */; };
		846BF39B271A99E1008461BB /* ChallengeViewController.swift in Sources */ = {isa = PBXBuildFile; fileRef = 846BF39A271A99E1008461BB /* ChallengeViewController.swift */; };
		846DAE16271450A5006017B1 /* MarathonViewController.swift in Sources */ = {isa = PBXBuildFile; fileRef = 846DAE15271450A5006017B1 /* MarathonViewController.swift */; };
		846DAE1927145BE2006017B1 /* MarathonTableViewCell.swift in Sources */ = {isa = PBXBuildFile; fileRef = 846DAE1727145BE2006017B1 /* MarathonTableViewCell.swift */; };
		846DAE1A27145BE2006017B1 /* MarathonTableViewCell.xib in Resources */ = {isa = PBXBuildFile; fileRef = 846DAE1827145BE2006017B1 /* MarathonTableViewCell.xib */; };
		846DAE1D27147113006017B1 /* MarathonCollectionViewCell.swift in Sources */ = {isa = PBXBuildFile; fileRef = 846DAE1B27147113006017B1 /* MarathonCollectionViewCell.swift */; };
		846DAE1E27147113006017B1 /* MarathonCollectionViewCell.xib in Resources */ = {isa = PBXBuildFile; fileRef = 846DAE1C27147113006017B1 /* MarathonCollectionViewCell.xib */; };
		847587A4270FF54500A77316 /* ProfileTableViewCell.swift in Sources */ = {isa = PBXBuildFile; fileRef = 847587A2270FF54500A77316 /* ProfileTableViewCell.swift */; };
		847587A5270FF54500A77316 /* ProfileTableViewCell.xib in Resources */ = {isa = PBXBuildFile; fileRef = 847587A3270FF54500A77316 /* ProfileTableViewCell.xib */; };
		8475DE9F270ECE63004F6D47 /* MainScreenViewController.swift in Sources */ = {isa = PBXBuildFile; fileRef = 8475DE9E270ECE63004F6D47 /* MainScreenViewController.swift */; };
		8475DEA1270ECEFB004F6D47 /* GoalScreenViewController.swift in Sources */ = {isa = PBXBuildFile; fileRef = 8475DEA0270ECEFB004F6D47 /* GoalScreenViewController.swift */; };
		8475DEA3270ECF2F004F6D47 /* ProfileScreenViewController.swift in Sources */ = {isa = PBXBuildFile; fileRef = 8475DEA2270ECF2F004F6D47 /* ProfileScreenViewController.swift */; };
		847DC8122710553200753CA5 /* Progress1TableViewCell.swift in Sources */ = {isa = PBXBuildFile; fileRef = 847DC8102710553200753CA5 /* Progress1TableViewCell.swift */; };
		847DC8132710553200753CA5 /* Progress1TableViewCell.xib in Resources */ = {isa = PBXBuildFile; fileRef = 847DC8112710553200753CA5 /* Progress1TableViewCell.xib */; };
		847DC8162710585300753CA5 /* Progress2TableViewCell.swift in Sources */ = {isa = PBXBuildFile; fileRef = 847DC8142710585300753CA5 /* Progress2TableViewCell.swift */; };
		847DC8172710585300753CA5 /* Progress2TableViewCell.xib in Resources */ = {isa = PBXBuildFile; fileRef = 847DC8152710585300753CA5 /* Progress2TableViewCell.xib */; };
		84916DC52715628D008678DB /* StepViewController.swift in Sources */ = {isa = PBXBuildFile; fileRef = 84916DC42715628D008678DB /* StepViewController.swift */; };
		849C8B852715BFAE00621A32 /* ArcView.swift in Sources */ = {isa = PBXBuildFile; fileRef = 849C8B842715BFAE00621A32 /* ArcView.swift */; };
		849C8B872715C28900621A32 /* ArcViewController.swift in Sources */ = {isa = PBXBuildFile; fileRef = 849C8B862715C28900621A32 /* ArcViewController.swift */; };
		849E8046270C383C00D9D4D4 /* SignUp1ViewController.swift in Sources */ = {isa = PBXBuildFile; fileRef = 849E8045270C383C00D9D4D4 /* SignUp1ViewController.swift */; };
		84A2FF33270ACAF200500117 /* AppDelegate.swift in Sources */ = {isa = PBXBuildFile; fileRef = 84A2FF32270ACAF200500117 /* AppDelegate.swift */; };
		84A2FF35270ACAF200500117 /* SceneDelegate.swift in Sources */ = {isa = PBXBuildFile; fileRef = 84A2FF34270ACAF200500117 /* SceneDelegate.swift */; };
		84A2FF37270ACAF200500117 /* ViewController.swift in Sources */ = {isa = PBXBuildFile; fileRef = 84A2FF36270ACAF200500117 /* ViewController.swift */; };
		84A2FF3A270ACAF200500117 /* Main.storyboard in Resources */ = {isa = PBXBuildFile; fileRef = 84A2FF38270ACAF200500117 /* Main.storyboard */; };
		84A2FF3C270ACAF300500117 /* Assets.xcassets in Resources */ = {isa = PBXBuildFile; fileRef = 84A2FF3B270ACAF300500117 /* Assets.xcassets */; };
		84BBE2D4270D636C00B8981F /* SignUp2ViewController.swift in Sources */ = {isa = PBXBuildFile; fileRef = 84BBE2D3270D636C00B8981F /* SignUp2ViewController.swift */; };
		84BBE2D6270D67A700B8981F /* SignUp3ViewController.swift in Sources */ = {isa = PBXBuildFile; fileRef = 84BBE2D5270D67A700B8981F /* SignUp3ViewController.swift */; };
		84BBE2D9270D702800B8981F /* AccomplishTableViewCell.swift in Sources */ = {isa = PBXBuildFile; fileRef = 84BBE2D7270D702800B8981F /* AccomplishTableViewCell.swift */; };
		84BBE2DA270D702800B8981F /* AccomplishTableViewCell.xib in Resources */ = {isa = PBXBuildFile; fileRef = 84BBE2D8270D702800B8981F /* AccomplishTableViewCell.xib */; };
		84BDDBBD270DB6090082BF51 /* NewGoal2ViewController.swift in Sources */ = {isa = PBXBuildFile; fileRef = 84BDDBBC270DB6090082BF51 /* NewGoal2ViewController.swift */; };
		84BDDBC0270DB7D40082BF51 /* GoalTableViewCell.swift in Sources */ = {isa = PBXBuildFile; fileRef = 84BDDBBE270DB7D40082BF51 /* GoalTableViewCell.swift */; };
		84BDDBC1270DB7D40082BF51 /* GoalTableViewCell.xib in Resources */ = {isa = PBXBuildFile; fileRef = 84BDDBBF270DB7D40082BF51 /* GoalTableViewCell.xib */; };
		84BDDBC3270DBCAE0082BF51 /* NewGoal3ViewController.swift in Sources */ = {isa = PBXBuildFile; fileRef = 84BDDBC2270DBCAE0082BF51 /* NewGoal3ViewController.swift */; };
		84BDDBC5270DBCC50082BF51 /* NewGoal4ViewController.swift in Sources */ = {isa = PBXBuildFile; fileRef = 84BDDBC4270DBCC50082BF51 /* NewGoal4ViewController.swift */; };
		84D86243270B4B08002DE5A4 /* LoginPageViewController.swift in Sources */ = {isa = PBXBuildFile; fileRef = 84D86242270B4B08002DE5A4 /* LoginPageViewController.swift */; };
		84D86245270B4B21002DE5A4 /* SignUpPageViewController.swift in Sources */ = {isa = PBXBuildFile; fileRef = 84D86244270B4B21002DE5A4 /* SignUpPageViewController.swift */; };
		DC52A45DE4721F8E1298621F /* Pods_Sample_Project.framework in Frameworks */ = {isa = PBXBuildFile; fileRef = F3E7DE16B1CED7E57CF45C73 /* Pods_Sample_Project.framework */; };
/* End PBXBuildFile section */

/* Begin PBXFileReference section */
		7298F72D7E82FB76FDFCD3C7 /* Pods-Sample Project.release.xcconfig */ = {isa = PBXFileReference; includeInIndex = 1; lastKnownFileType = text.xcconfig; name = "Pods-Sample Project.release.xcconfig"; path = "Target Support Files/Pods-Sample Project/Pods-Sample Project.release.xcconfig"; sourceTree = "<group>"; };
		842E245E270D815B008F7B67 /* SignUp4ViewController.swift */ = {isa = PBXFileReference; lastKnownFileType = sourcecode.swift; path = SignUp4ViewController.swift; sourceTree = "<group>"; };
		84598E87270C10D7003978F9 /* DesignTemplate.swift */ = {isa = PBXFileReference; lastKnownFileType = sourcecode.swift; path = DesignTemplate.swift; sourceTree = "<group>"; };
		84598E8B270C1B02003978F9 /* Launch Screen.storyboard */ = {isa = PBXFileReference; lastKnownFileType = file.storyboard; path = "Launch Screen.storyboard"; sourceTree = "<group>"; };
		84598E8D270C1C7C003978F9 /* LaunchScreenViewController.swift */ = {isa = PBXFileReference; lastKnownFileType = sourcecode.swift; path = LaunchScreenViewController.swift; sourceTree = "<group>"; };
		845FA3AC2711692000FFBD5C /* SuccessViewController.swift */ = {isa = PBXFileReference; lastKnownFileType = sourcecode.swift; path = SuccessViewController.swift; sourceTree = "<group>"; };
		845FA3AE27116E0A00FFBD5C /* AchievementViewController.swift */ = {isa = PBXFileReference; lastKnownFileType = sourcecode.swift; path = AchievementViewController.swift; sourceTree = "<group>"; };
		845FA3B027141D4900FFBD5C /* CircularProgressBarViewController.swift */ = {isa = PBXFileReference; lastKnownFileType = sourcecode.swift; path = CircularProgressBarViewController.swift; sourceTree = "<group>"; };
		846BF3942716F67F008461BB /* LevelViewController.swift */ = {isa = PBXFileReference; lastKnownFileType = sourcecode.swift; path = LevelViewController.swift; sourceTree = "<group>"; };
		846BF3962716FA9D008461BB /* WorkTimingViewController.swift */ = {isa = PBXFileReference; lastKnownFileType = sourcecode.swift; path = WorkTimingViewController.swift; sourceTree = "<group>"; };
		846BF3982717FBE2008461BB /* Level1ViewController.swift */ = {isa = PBXFileReference; lastKnownFileType = sourcecode.swift; path = Level1ViewController.swift; sourceTree = "<group>"; };
		846BF39A271A99E1008461BB /* ChallengeViewController.swift */ = {isa = PBXFileReference; lastKnownFileType = sourcecode.swift; path = ChallengeViewController.swift; sourceTree = "<group>"; };
		846DAE15271450A5006017B1 /* MarathonViewController.swift */ = {isa = PBXFileReference; lastKnownFileType = sourcecode.swift; path = MarathonViewController.swift; sourceTree = "<group>"; };
		846DAE1727145BE2006017B1 /* MarathonTableViewCell.swift */ = {isa = PBXFileReference; lastKnownFileType = sourcecode.swift; path = MarathonTableViewCell.swift; sourceTree = "<group>"; };
		846DAE1827145BE2006017B1 /* MarathonTableViewCell.xib */ = {isa = PBXFileReference; lastKnownFileType = file.xib; path = MarathonTableViewCell.xib; sourceTree = "<group>"; };
		846DAE1B27147113006017B1 /* MarathonCollectionViewCell.swift */ = {isa = PBXFileReference; lastKnownFileType = sourcecode.swift; path = MarathonCollectionViewCell.swift; sourceTree = "<group>"; };
		846DAE1C27147113006017B1 /* MarathonCollectionViewCell.xib */ = {isa = PBXFileReference; lastKnownFileType = file.xib; path = MarathonCollectionViewCell.xib; sourceTree = "<group>"; };
		847587A2270FF54500A77316 /* ProfileTableViewCell.swift */ = {isa = PBXFileReference; lastKnownFileType = sourcecode.swift; path = ProfileTableViewCell.swift; sourceTree = "<group>"; };
		847587A3270FF54500A77316 /* ProfileTableViewCell.xib */ = {isa = PBXFileReference; lastKnownFileType = file.xib; path = ProfileTableViewCell.xib; sourceTree = "<group>"; };
		8475DE9E270ECE63004F6D47 /* MainScreenViewController.swift */ = {isa = PBXFileReference; lastKnownFileType = sourcecode.swift; path = MainScreenViewController.swift; sourceTree = "<group>"; };
		8475DEA0270ECEFB004F6D47 /* GoalScreenViewController.swift */ = {isa = PBXFileReference; lastKnownFileType = sourcecode.swift; path = GoalScreenViewController.swift; sourceTree = "<group>"; };
		8475DEA2270ECF2F004F6D47 /* ProfileScreenViewController.swift */ = {isa = PBXFileReference; lastKnownFileType = sourcecode.swift; path = ProfileScreenViewController.swift; sourceTree = "<group>"; };
		847DC8102710553200753CA5 /* Progress1TableViewCell.swift */ = {isa = PBXFileReference; lastKnownFileType = sourcecode.swift; path = Progress1TableViewCell.swift; sourceTree = "<group>"; };
		847DC8112710553200753CA5 /* Progress1TableViewCell.xib */ = {isa = PBXFileReference; lastKnownFileType = file.xib; path = Progress1TableViewCell.xib; sourceTree = "<group>"; };
		847DC8142710585300753CA5 /* Progress2TableViewCell.swift */ = {isa = PBXFileReference; lastKnownFileType = sourcecode.swift; path = Progress2TableViewCell.swift; sourceTree = "<group>"; };
		847DC8152710585300753CA5 /* Progress2TableViewCell.xib */ = {isa = PBXFileReference; lastKnownFileType = file.xib; path = Progress2TableViewCell.xib; sourceTree = "<group>"; };
		84916DC42715628D008678DB /* StepViewController.swift */ = {isa = PBXFileReference; lastKnownFileType = sourcecode.swift; path = StepViewController.swift; sourceTree = "<group>"; };
		849C8B842715BFAE00621A32 /* ArcView.swift */ = {isa = PBXFileReference; lastKnownFileType = sourcecode.swift; path = ArcView.swift; sourceTree = "<group>"; };
		849C8B862715C28900621A32 /* ArcViewController.swift */ = {isa = PBXFileReference; lastKnownFileType = sourcecode.swift; path = ArcViewController.swift; sourceTree = "<group>"; };
		849E8045270C383C00D9D4D4 /* SignUp1ViewController.swift */ = {isa = PBXFileReference; lastKnownFileType = sourcecode.swift; path = SignUp1ViewController.swift; sourceTree = "<group>"; };
		84A2FF2F270ACAF200500117 /* Sample Project.app */ = {isa = PBXFileReference; explicitFileType = wrapper.application; includeInIndex = 0; path = "Sample Project.app"; sourceTree = BUILT_PRODUCTS_DIR; };
		84A2FF32270ACAF200500117 /* AppDelegate.swift */ = {isa = PBXFileReference; lastKnownFileType = sourcecode.swift; path = AppDelegate.swift; sourceTree = "<group>"; };
		84A2FF34270ACAF200500117 /* SceneDelegate.swift */ = {isa = PBXFileReference; lastKnownFileType = sourcecode.swift; path = SceneDelegate.swift; sourceTree = "<group>"; };
		84A2FF36270ACAF200500117 /* ViewController.swift */ = {isa = PBXFileReference; lastKnownFileType = sourcecode.swift; path = ViewController.swift; sourceTree = "<group>"; };
		84A2FF39270ACAF200500117 /* Base */ = {isa = PBXFileReference; lastKnownFileType = file.storyboard; name = Base; path = Base.lproj/Main.storyboard; sourceTree = "<group>"; };
		84A2FF3B270ACAF300500117 /* Assets.xcassets */ = {isa = PBXFileReference; lastKnownFileType = folder.assetcatalog; path = Assets.xcassets; sourceTree = "<group>"; };
		84A2FF40270ACAF300500117 /* Info.plist */ = {isa = PBXFileReference; lastKnownFileType = text.plist.xml; path = Info.plist; sourceTree = "<group>"; };
		84BBE2D3270D636C00B8981F /* SignUp2ViewController.swift */ = {isa = PBXFileReference; lastKnownFileType = sourcecode.swift; path = SignUp2ViewController.swift; sourceTree = "<group>"; };
		84BBE2D5270D67A700B8981F /* SignUp3ViewController.swift */ = {isa = PBXFileReference; lastKnownFileType = sourcecode.swift; path = SignUp3ViewController.swift; sourceTree = "<group>"; };
		84BBE2D7270D702800B8981F /* AccomplishTableViewCell.swift */ = {isa = PBXFileReference; lastKnownFileType = sourcecode.swift; path = AccomplishTableViewCell.swift; sourceTree = "<group>"; };
		84BBE2D8270D702800B8981F /* AccomplishTableViewCell.xib */ = {isa = PBXFileReference; lastKnownFileType = file.xib; path = AccomplishTableViewCell.xib; sourceTree = "<group>"; };
		84BDDBBC270DB6090082BF51 /* NewGoal2ViewController.swift */ = {isa = PBXFileReference; lastKnownFileType = sourcecode.swift; path = NewGoal2ViewController.swift; sourceTree = "<group>"; };
		84BDDBBE270DB7D40082BF51 /* GoalTableViewCell.swift */ = {isa = PBXFileReference; lastKnownFileType = sourcecode.swift; path = GoalTableViewCell.swift; sourceTree = "<group>"; };
		84BDDBBF270DB7D40082BF51 /* GoalTableViewCell.xib */ = {isa = PBXFileReference; lastKnownFileType = file.xib; path = GoalTableViewCell.xib; sourceTree = "<group>"; };
		84BDDBC2270DBCAE0082BF51 /* NewGoal3ViewController.swift */ = {isa = PBXFileReference; lastKnownFileType = sourcecode.swift; path = NewGoal3ViewController.swift; sourceTree = "<group>"; };
		84BDDBC4270DBCC50082BF51 /* NewGoal4ViewController.swift */ = {isa = PBXFileReference; lastKnownFileType = sourcecode.swift; path = NewGoal4ViewController.swift; sourceTree = "<group>"; };
		84D86242270B4B08002DE5A4 /* LoginPageViewController.swift */ = {isa = PBXFileReference; lastKnownFileType = sourcecode.swift; path = LoginPageViewController.swift; sourceTree = "<group>"; };
		84D86244270B4B21002DE5A4 /* SignUpPageViewController.swift */ = {isa = PBXFileReference; lastKnownFileType = sourcecode.swift; path = SignUpPageViewController.swift; sourceTree = "<group>"; };
		EA995058C610498FD1BDDC1D /* Pods-Sample Project.debug.xcconfig */ = {isa = PBXFileReference; includeInIndex = 1; lastKnownFileType = text.xcconfig; name = "Pods-Sample Project.debug.xcconfig"; path = "Target Support Files/Pods-Sample Project/Pods-Sample Project.debug.xcconfig"; sourceTree = "<group>"; };
		F3E7DE16B1CED7E57CF45C73 /* Pods_Sample_Project.framework */ = {isa = PBXFileReference; explicitFileType = wrapper.framework; includeInIndex = 0; path = Pods_Sample_Project.framework; sourceTree = BUILT_PRODUCTS_DIR; };
/* End PBXFileReference section */

/* Begin PBXFrameworksBuildPhase section */
		84A2FF2C270ACAF200500117 /* Frameworks */ = {
			isa = PBXFrameworksBuildPhase;
			buildActionMask = 2147483647;
			files = (
				DC52A45DE4721F8E1298621F /* Pods_Sample_Project.framework in Frameworks */,
			);
			runOnlyForDeploymentPostprocessing = 0;
		};
/* End PBXFrameworksBuildPhase section */

/* Begin PBXGroup section */
		171BD3D82BFE4110AC39F471 /* Pods */ = {
			isa = PBXGroup;
			children = (
				EA995058C610498FD1BDDC1D /* Pods-Sample Project.debug.xcconfig */,
				7298F72D7E82FB76FDFCD3C7 /* Pods-Sample Project.release.xcconfig */,
			);
			path = Pods;
			sourceTree = "<group>";
		};
		4DC694D8008C36A326350124 /* Frameworks */ = {
			isa = PBXGroup;
			children = (
				F3E7DE16B1CED7E57CF45C73 /* Pods_Sample_Project.framework */,
			);
			name = Frameworks;
			sourceTree = "<group>";
		};
		84A2FF26270ACAF200500117 = {
			isa = PBXGroup;
			children = (
				84A2FF31270ACAF200500117 /* Sample Project */,
				84A2FF30270ACAF200500117 /* Products */,
				171BD3D82BFE4110AC39F471 /* Pods */,
				4DC694D8008C36A326350124 /* Frameworks */,
			);
			sourceTree = "<group>";
		};
		84A2FF30270ACAF200500117 /* Products */ = {
			isa = PBXGroup;
			children = (
				84A2FF2F270ACAF200500117 /* Sample Project.app */,
			);
			name = Products;
			sourceTree = "<group>";
		};
		84A2FF31270ACAF200500117 /* Sample Project */ = {
			isa = PBXGroup;
			children = (
				84A2FF32270ACAF200500117 /* AppDelegate.swift */,
				84A2FF34270ACAF200500117 /* SceneDelegate.swift */,
				84A2FF36270ACAF200500117 /* ViewController.swift */,
				84A2FF38270ACAF200500117 /* Main.storyboard */,
				84A2FF3B270ACAF300500117 /* Assets.xcassets */,
				84A2FF40270ACAF300500117 /* Info.plist */,
				84D86242270B4B08002DE5A4 /* LoginPageViewController.swift */,
				84D86244270B4B21002DE5A4 /* SignUpPageViewController.swift */,
				84598E87270C10D7003978F9 /* DesignTemplate.swift */,
				84598E8B270C1B02003978F9 /* Launch Screen.storyboard */,
				84598E8D270C1C7C003978F9 /* LaunchScreenViewController.swift */,
				849E8045270C383C00D9D4D4 /* SignUp1ViewController.swift */,
				84BBE2D3270D636C00B8981F /* SignUp2ViewController.swift */,
				84BBE2D5270D67A700B8981F /* SignUp3ViewController.swift */,
				84BBE2D7270D702800B8981F /* AccomplishTableViewCell.swift */,
				84BBE2D8270D702800B8981F /* AccomplishTableViewCell.xib */,
				842E245E270D815B008F7B67 /* SignUp4ViewController.swift */,
				84BDDBBC270DB6090082BF51 /* NewGoal2ViewController.swift */,
				84BDDBBE270DB7D40082BF51 /* GoalTableViewCell.swift */,
				84BDDBBF270DB7D40082BF51 /* GoalTableViewCell.xib */,
				84BDDBC2270DBCAE0082BF51 /* NewGoal3ViewController.swift */,
				84BDDBC4270DBCC50082BF51 /* NewGoal4ViewController.swift */,
				8475DE9E270ECE63004F6D47 /* MainScreenViewController.swift */,
				8475DEA0270ECEFB004F6D47 /* GoalScreenViewController.swift */,
				8475DEA2270ECF2F004F6D47 /* ProfileScreenViewController.swift */,
				847587A2270FF54500A77316 /* ProfileTableViewCell.swift */,
				847587A3270FF54500A77316 /* ProfileTableViewCell.xib */,
				847DC8102710553200753CA5 /* Progress1TableViewCell.swift */,
				847DC8112710553200753CA5 /* Progress1TableViewCell.xib */,
				847DC8142710585300753CA5 /* Progress2TableViewCell.swift */,
				847DC8152710585300753CA5 /* Progress2TableViewCell.xib */,
				845FA3AC2711692000FFBD5C /* SuccessViewController.swift */,
				845FA3AE27116E0A00FFBD5C /* AchievementViewController.swift */,
				845FA3B027141D4900FFBD5C /* CircularProgressBarViewController.swift */,
				846DAE15271450A5006017B1 /* MarathonViewController.swift */,
				846DAE1727145BE2006017B1 /* MarathonTableViewCell.swift */,
				846DAE1827145BE2006017B1 /* MarathonTableViewCell.xib */,
				846DAE1B27147113006017B1 /* MarathonCollectionViewCell.swift */,
				846DAE1C27147113006017B1 /* MarathonCollectionViewCell.xib */,
				84916DC42715628D008678DB /* StepViewController.swift */,
				849C8B842715BFAE00621A32 /* ArcView.swift */,
				849C8B862715C28900621A32 /* ArcViewController.swift */,
				846BF3942716F67F008461BB /* LevelViewController.swift */,
				846BF3962716FA9D008461BB /* WorkTimingViewController.swift */,
				846BF3982717FBE2008461BB /* Level1ViewController.swift */,
				846BF39A271A99E1008461BB /* ChallengeViewController.swift */,
			);
			path = "Sample Project";
			sourceTree = "<group>";
		};
/* End PBXGroup section */

/* Begin PBXNativeTarget section */
		84A2FF2E270ACAF200500117 /* Sample Project */ = {
			isa = PBXNativeTarget;
			buildConfigurationList = 84A2FF43270ACAF300500117 /* Build configuration list for PBXNativeTarget "Sample Project" */;
			buildPhases = (
				50117D7FF5D5E649C23D15F9 /* [CP] Check Pods Manifest.lock */,
				84A2FF2B270ACAF200500117 /* Sources */,
				84A2FF2C270ACAF200500117 /* Frameworks */,
				84A2FF2D270ACAF200500117 /* Resources */,
				58486FC32B7036AA92C5C5BB /* [CP] Embed Pods Frameworks */,
			);
			buildRules = (
			);
			dependencies = (
			);
			name = "Sample Project";
			productName = "Sample Project";
			productReference = 84A2FF2F270ACAF200500117 /* Sample Project.app */;
			productType = "com.apple.product-type.application";
		};
/* End PBXNativeTarget section */

/* Begin PBXProject section */
		84A2FF27270ACAF200500117 /* Project object */ = {
			isa = PBXProject;
			attributes = {
				LastSwiftUpdateCheck = 1250;
				LastUpgradeCheck = 1250;
				TargetAttributes = {
					84A2FF2E270ACAF200500117 = {
						CreatedOnToolsVersion = 12.5.1;
					};
				};
			};
			buildConfigurationList = 84A2FF2A270ACAF200500117 /* Build configuration list for PBXProject "Sample Project" */;
			compatibilityVersion = "Xcode 9.3";
			developmentRegion = en;
			hasScannedForEncodings = 0;
			knownRegions = (
				en,
				Base,
			);
			mainGroup = 84A2FF26270ACAF200500117;
			productRefGroup = 84A2FF30270ACAF200500117 /* Products */;
			projectDirPath = "";
			projectRoot = "";
			targets = (
				84A2FF2E270ACAF200500117 /* Sample Project */,
			);
		};
/* End PBXProject section */

/* Begin PBXResourcesBuildPhase section */
		84A2FF2D270ACAF200500117 /* Resources */ = {
			isa = PBXResourcesBuildPhase;
			buildActionMask = 2147483647;
			files = (
				84A2FF3C270ACAF300500117 /* Assets.xcassets in Resources */,
				84598E8C270C1B02003978F9 /* Launch Screen.storyboard in Resources */,
				84BDDBC1270DB7D40082BF51 /* GoalTableViewCell.xib in Resources */,
				84BBE2DA270D702800B8981F /* AccomplishTableViewCell.xib in Resources */,
				846DAE1A27145BE2006017B1 /* MarathonTableViewCell.xib in Resources */,
				84A2FF3A270ACAF200500117 /* Main.storyboard in Resources */,
				846DAE1E27147113006017B1 /* MarathonCollectionViewCell.xib in Resources */,
				847DC8172710585300753CA5 /* Progress2TableViewCell.xib in Resources */,
				847DC8132710553200753CA5 /* Progress1TableViewCell.xib in Resources */,
				847587A5270FF54500A77316 /* ProfileTableViewCell.xib in Resources */,
			);
			runOnlyForDeploymentPostprocessing = 0;
		};
/* End PBXResourcesBuildPhase section */

/* Begin PBXShellScriptBuildPhase section */
		50117D7FF5D5E649C23D15F9 /* [CP] Check Pods Manifest.lock */ = {
			isa = PBXShellScriptBuildPhase;
			buildActionMask = 2147483647;
			files = (
			);
			inputFileListPaths = (
			);
			inputPaths = (
				"${PODS_PODFILE_DIR_PATH}/Podfile.lock",
				"${PODS_ROOT}/Manifest.lock",
			);
			name = "[CP] Check Pods Manifest.lock";
			outputFileListPaths = (
			);
			outputPaths = (
				"$(DERIVED_FILE_DIR)/Pods-Sample Project-checkManifestLockResult.txt",
			);
			runOnlyForDeploymentPostprocessing = 0;
			shellPath = /bin/sh;
			shellScript = "diff \"${PODS_PODFILE_DIR_PATH}/Podfile.lock\" \"${PODS_ROOT}/Manifest.lock\" > /dev/null\nif [ $? != 0 ] ; then\n    # print error to STDERR\n    echo \"error: The sandbox is not in sync with the Podfile.lock. Run 'pod install' or update your CocoaPods installation.\" >&2\n    exit 1\nfi\n# This output is used by Xcode 'outputs' to avoid re-running this script phase.\necho \"SUCCESS\" > \"${SCRIPT_OUTPUT_FILE_0}\"\n";
			showEnvVarsInLog = 0;
		};
		58486FC32B7036AA92C5C5BB /* [CP] Embed Pods Frameworks */ = {
			isa = PBXShellScriptBuildPhase;
			buildActionMask = 2147483647;
			files = (
			);
			inputFileListPaths = (
				"${PODS_ROOT}/Target Support Files/Pods-Sample Project/Pods-Sample Project-frameworks-${CONFIGURATION}-input-files.xcfilelist",
			);
			name = "[CP] Embed Pods Frameworks";
			outputFileListPaths = (
				"${PODS_ROOT}/Target Support Files/Pods-Sample Project/Pods-Sample Project-frameworks-${CONFIGURATION}-output-files.xcfilelist",
			);
			runOnlyForDeploymentPostprocessing = 0;
			shellPath = /bin/sh;
			shellScript = "\"${PODS_ROOT}/Target Support Files/Pods-Sample Project/Pods-Sample Project-frameworks.sh\"\n";
			showEnvVarsInLog = 0;
		};
/* End PBXShellScriptBuildPhase section */

/* Begin PBXSourcesBuildPhase section */
		84A2FF2B270ACAF200500117 /* Sources */ = {
			isa = PBXSourcesBuildPhase;
			buildActionMask = 2147483647;
			files = (
				846DAE16271450A5006017B1 /* MarathonViewController.swift in Sources */,
				8475DEA3270ECF2F004F6D47 /* ProfileScreenViewController.swift in Sources */,
				84A2FF37270ACAF200500117 /* ViewController.swift in Sources */,
				845FA3AF27116E0A00FFBD5C /* AchievementViewController.swift in Sources */,
				849C8B872715C28900621A32 /* ArcViewController.swift in Sources */,
				846BF3972716FA9D008461BB /* WorkTimingViewController.swift in Sources */,
				846DAE1D27147113006017B1 /* MarathonCollectionViewCell.swift in Sources */,
				846BF3992717FBE2008461BB /* Level1ViewController.swift in Sources */,
				8475DE9F270ECE63004F6D47 /* MainScreenViewController.swift in Sources */,
				84598E88270C10D7003978F9 /* DesignTemplate.swift in Sources */,
				846DAE1927145BE2006017B1 /* MarathonTableViewCell.swift in Sources */,
				846BF39B271A99E1008461BB /* ChallengeViewController.swift in Sources */,
				845FA3B127141D4900FFBD5C /* CircularProgressBarViewController.swift in Sources */,
				8475DEA1270ECEFB004F6D47 /* GoalScreenViewController.swift in Sources */,
				846BF3952716F67F008461BB /* LevelViewController.swift in Sources */,
				84D86243270B4B08002DE5A4 /* LoginPageViewController.swift in Sources */,
				842E245F270D815B008F7B67 /* SignUp4ViewController.swift in Sources */,
				84A2FF33270ACAF200500117 /* AppDelegate.swift in Sources */,
				84BBE2D4270D636C00B8981F /* SignUp2ViewController.swift in Sources */,
				849E8046270C383C00D9D4D4 /* SignUp1ViewController.swift in Sources */,
				84BDDBC5270DBCC50082BF51 /* NewGoal4ViewController.swift in Sources */,
				84BDDBC3270DBCAE0082BF51 /* NewGoal3ViewController.swift in Sources */,
				84A2FF35270ACAF200500117 /* SceneDelegate.swift in Sources */,
				847587A4270FF54500A77316 /* ProfileTableViewCell.swift in Sources */,
				84BDDBC0270DB7D40082BF51 /* GoalTableViewCell.swift in Sources */,
				84BBE2D9270D702800B8981F /* AccomplishTableViewCell.swift in Sources */,
				849C8B852715BFAE00621A32 /* ArcView.swift in Sources */,
				84916DC52715628D008678DB /* StepViewController.swift in Sources */,
				84D86245270B4B21002DE5A4 /* SignUpPageViewController.swift in Sources */,
				847DC8162710585300753CA5 /* Progress2TableViewCell.swift in Sources */,
				84BBE2D6270D67A700B8981F /* SignUp3ViewController.swift in Sources */,
				84598E8E270C1C7C003978F9 /* LaunchScreenViewController.swift in Sources */,
				847DC8122710553200753CA5 /* Progress1TableViewCell.swift in Sources */,
				845FA3AD2711692000FFBD5C /* SuccessViewController.swift in Sources */,
				84BDDBBD270DB6090082BF51 /* NewGoal2ViewController.swift in Sources */,
			);
			runOnlyForDeploymentPostprocessing = 0;
		};
/* End PBXSourcesBuildPhase section */

/* Begin PBXVariantGroup section */
		84A2FF38270ACAF200500117 /* Main.storyboard */ = {
			isa = PBXVariantGroup;
			children = (
				84A2FF39270ACAF200500117 /* Base */,
			);
			name = Main.storyboard;
			sourceTree = "<group>";
		};
/* End PBXVariantGroup section */

/* Begin XCBuildConfiguration section */
		84A2FF41270ACAF300500117 /* Debug */ = {
			isa = XCBuildConfiguration;
			buildSettings = {
				ALWAYS_SEARCH_USER_PATHS = NO;
				CLANG_ANALYZER_NONNULL = YES;
				CLANG_ANALYZER_NUMBER_OBJECT_CONVERSION = YES_AGGRESSIVE;
				CLANG_CXX_LANGUAGE_STANDARD = "gnu++14";
				CLANG_CXX_LIBRARY = "libc++";
				CLANG_ENABLE_MODULES = YES;
				CLANG_ENABLE_OBJC_ARC = YES;
				CLANG_ENABLE_OBJC_WEAK = YES;
				CLANG_WARN_BLOCK_CAPTURE_AUTORELEASING = YES;
				CLANG_WARN_BOOL_CONVERSION = YES;
				CLANG_WARN_COMMA = YES;
				CLANG_WARN_CONSTANT_CONVERSION = YES;
				CLANG_WARN_DEPRECATED_OBJC_IMPLEMENTATIONS = YES;
				CLANG_WARN_DIRECT_OBJC_ISA_USAGE = YES_ERROR;
				CLANG_WARN_DOCUMENTATION_COMMENTS = YES;
				CLANG_WARN_EMPTY_BODY = YES;
				CLANG_WARN_ENUM_CONVERSION = YES;
				CLANG_WARN_INFINITE_RECURSION = YES;
				CLANG_WARN_INT_CONVERSION = YES;
				CLANG_WARN_NON_LITERAL_NULL_CONVERSION = YES;
				CLANG_WARN_OBJC_IMPLICIT_RETAIN_SELF = YES;
				CLANG_WARN_OBJC_LITERAL_CONVERSION = YES;
				CLANG_WARN_OBJC_ROOT_CLASS = YES_ERROR;
				CLANG_WARN_QUOTED_INCLUDE_IN_FRAMEWORK_HEADER = YES;
				CLANG_WARN_RANGE_LOOP_ANALYSIS = YES;
				CLANG_WARN_STRICT_PROTOTYPES = YES;
				CLANG_WARN_SUSPICIOUS_MOVE = YES;
				CLANG_WARN_UNGUARDED_AVAILABILITY = YES_AGGRESSIVE;
				CLANG_WARN_UNREACHABLE_CODE = YES;
				CLANG_WARN__DUPLICATE_METHOD_MATCH = YES;
				COPY_PHASE_STRIP = NO;
				DEBUG_INFORMATION_FORMAT = dwarf;
				ENABLE_STRICT_OBJC_MSGSEND = YES;
				ENABLE_TESTABILITY = YES;
				GCC_C_LANGUAGE_STANDARD = gnu11;
				GCC_DYNAMIC_NO_PIC = NO;
				GCC_NO_COMMON_BLOCKS = YES;
				GCC_OPTIMIZATION_LEVEL = 0;
				GCC_PREPROCESSOR_DEFINITIONS = (
					"DEBUG=1",
					"$(inherited)",
				);
				GCC_WARN_64_TO_32_BIT_CONVERSION = YES;
				GCC_WARN_ABOUT_RETURN_TYPE = YES_ERROR;
				GCC_WARN_UNDECLARED_SELECTOR = YES;
				GCC_WARN_UNINITIALIZED_AUTOS = YES_AGGRESSIVE;
				GCC_WARN_UNUSED_FUNCTION = YES;
				GCC_WARN_UNUSED_VARIABLE = YES;
				IPHONEOS_DEPLOYMENT_TARGET = 14.5;
				MTL_ENABLE_DEBUG_INFO = INCLUDE_SOURCE;
				MTL_FAST_MATH = YES;
				ONLY_ACTIVE_ARCH = YES;
				SDKROOT = iphoneos;
				SWIFT_ACTIVE_COMPILATION_CONDITIONS = DEBUG;
				SWIFT_OPTIMIZATION_LEVEL = "-Onone";
			};
			name = Debug;
		};
		84A2FF42270ACAF300500117 /* Release */ = {
			isa = XCBuildConfiguration;
			buildSettings = {
				ALWAYS_SEARCH_USER_PATHS = NO;
				CLANG_ANALYZER_NONNULL = YES;
				CLANG_ANALYZER_NUMBER_OBJECT_CONVERSION = YES_AGGRESSIVE;
				CLANG_CXX_LANGUAGE_STANDARD = "gnu++14";
				CLANG_CXX_LIBRARY = "libc++";
				CLANG_ENABLE_MODULES = YES;
				CLANG_ENABLE_OBJC_ARC = YES;
				CLANG_ENABLE_OBJC_WEAK = YES;
				CLANG_WARN_BLOCK_CAPTURE_AUTORELEASING = YES;
				CLANG_WARN_BOOL_CONVERSION = YES;
				CLANG_WARN_COMMA = YES;
				CLANG_WARN_CONSTANT_CONVERSION = YES;
				CLANG_WARN_DEPRECATED_OBJC_IMPLEMENTATIONS = YES;
				CLANG_WARN_DIRECT_OBJC_ISA_USAGE = YES_ERROR;
				CLANG_WARN_DOCUMENTATION_COMMENTS = YES;
				CLANG_WARN_EMPTY_BODY = YES;
				CLANG_WARN_ENUM_CONVERSION = YES;
				CLANG_WARN_INFINITE_RECURSION = YES;
				CLANG_WARN_INT_CONVERSION = YES;
				CLANG_WARN_NON_LITERAL_NULL_CONVERSION = YES;
				CLANG_WARN_OBJC_IMPLICIT_RETAIN_SELF = YES;
				CLANG_WARN_OBJC_LITERAL_CONVERSION = YES;
				CLANG_WARN_OBJC_ROOT_CLASS = YES_ERROR;
				CLANG_WARN_QUOTED_INCLUDE_IN_FRAMEWORK_HEADER = YES;
				CLANG_WARN_RANGE_LOOP_ANALYSIS = YES;
				CLANG_WARN_STRICT_PROTOTYPES = YES;
				CLANG_WARN_SUSPICIOUS_MOVE = YES;
				CLANG_WARN_UNGUARDED_AVAILABILITY = YES_AGGRESSIVE;
				CLANG_WARN_UNREACHABLE_CODE = YES;
				CLANG_WARN__DUPLICATE_METHOD_MATCH = YES;
				COPY_PHASE_STRIP = NO;
				DEBUG_INFORMATION_FORMAT = "dwarf-with-dsym";
				ENABLE_NS_ASSERTIONS = NO;
				ENABLE_STRICT_OBJC_MSGSEND = YES;
				GCC_C_LANGUAGE_STANDARD = gnu11;
				GCC_NO_COMMON_BLOCKS = YES;
				GCC_WARN_64_TO_32_BIT_CONVERSION = YES;
				GCC_WARN_ABOUT_RETURN_TYPE = YES_ERROR;
				GCC_WARN_UNDECLARED_SELECTOR = YES;
				GCC_WARN_UNINITIALIZED_AUTOS = YES_AGGRESSIVE;
				GCC_WARN_UNUSED_FUNCTION = YES;
				GCC_WARN_UNUSED_VARIABLE = YES;
				IPHONEOS_DEPLOYMENT_TARGET = 14.5;
				MTL_ENABLE_DEBUG_INFO = NO;
				MTL_FAST_MATH = YES;
				SDKROOT = iphoneos;
				SWIFT_COMPILATION_MODE = wholemodule;
				SWIFT_OPTIMIZATION_LEVEL = "-O";
				VALIDATE_PRODUCT = YES;
			};
			name = Release;
		};
		84A2FF44270ACAF300500117 /* Debug */ = {
			isa = XCBuildConfiguration;
			baseConfigurationReference = EA995058C610498FD1BDDC1D /* Pods-Sample Project.debug.xcconfig */;
			buildSettings = {
				ASSETCATALOG_COMPILER_APPICON_NAME = AppIcon;
				ASSETCATALOG_COMPILER_GLOBAL_ACCENT_COLOR_NAME = AccentColor;
				CODE_SIGN_STYLE = Automatic;
				INFOPLIST_FILE = "Sample Project/Info.plist";
				LD_RUNPATH_SEARCH_PATHS = (
					"$(inherited)",
					"@executable_path/Frameworks",
				);
				PRODUCT_BUNDLE_IDENTIFIER = "opsfuse.Sample-Project";
				PRODUCT_NAME = "$(TARGET_NAME)";
				SWIFT_VERSION = 5.0;
				TARGETED_DEVICE_FAMILY = "1,2";
			};
			name = Debug;
		};
		84A2FF45270ACAF300500117 /* Release */ = {
			isa = XCBuildConfiguration;
			baseConfigurationReference = 7298F72D7E82FB76FDFCD3C7 /* Pods-Sample Project.release.xcconfig */;
			buildSettings = {
				ASSETCATALOG_COMPILER_APPICON_NAME = AppIcon;
				ASSETCATALOG_COMPILER_GLOBAL_ACCENT_COLOR_NAME = AccentColor;
				CODE_SIGN_STYLE = Automatic;
				INFOPLIST_FILE = "Sample Project/Info.plist";
				LD_RUNPATH_SEARCH_PATHS = (
					"$(inherited)",
					"@executable_path/Frameworks",
				);
				PRODUCT_BUNDLE_IDENTIFIER = "opsfuse.Sample-Project";
				PRODUCT_NAME = "$(TARGET_NAME)";
				SWIFT_VERSION = 5.0;
				TARGETED_DEVICE_FAMILY = "1,2";
			};
			name = Release;
		};
/* End XCBuildConfiguration section */

/* Begin XCConfigurationList section */
		84A2FF2A270ACAF200500117 /* Build configuration list for PBXProject "Sample Project" */ = {
			isa = XCConfigurationList;
			buildConfigurations = (
				84A2FF41270ACAF300500117 /* Debug */,
				84A2FF42270ACAF300500117 /* Release */,
			);
			defaultConfigurationIsVisible = 0;
			defaultConfigurationName = Release;
		};
		84A2FF43270ACAF300500117 /* Build configuration list for PBXNativeTarget "Sample Project" */ = {
			isa = XCConfigurationList;
			buildConfigurations = (
				84A2FF44270ACAF300500117 /* Debug */,
				84A2FF45270ACAF300500117 /* Release */,
			);
			defaultConfigurationIsVisible = 0;
			defaultConfigurationName = Release;
		};
/* End XCConfigurationList section */
	};
	rootObject = 84A2FF27270ACAF200500117 /* Project object */;
}
