// !$*UTF8*$!
{
	archiveVersion = 1;
	classes = {
	};
	objectVersion = 50;
	objects = {

/* Begin PBXBuildFile section */
		84598E88270C10D7003978F9 /* DesignTemplate.swift in Sources */ = {isa = PBXBuildFile; fileRef = 84598E87270C10D7003978F9 /* DesignTemplate.swift */; };
		84598E8C270C1B02003978F9 /* Launch Screen.storyboard in Resources */ = {isa = PBXBuildFile; fileRef = 84598E8B270C1B02003978F9 /* Launch Screen.storyboard */; };
		84598E8E270C1C7C003978F9 /* LaunchScreenViewController.swift in Sources */ = {isa = PBXBuildFile; fileRef = 84598E8D270C1C7C003978F9 /* LaunchScreenViewController.swift */; };
		849E8046270C383C00D9D4D4 /* SignUp1ViewController.swift in Sources */ = {isa = PBXBuildFile; fileRef = 849E8045270C383C00D9D4D4 /* SignUp1ViewController.swift */; };
		84A2FF33270ACAF200500117 /* AppDelegate.swift in Sources */ = {isa = PBXBuildFile; fileRef = 84A2FF32270ACAF200500117 /* AppDelegate.swift */; };
		84A2FF35270ACAF200500117 /* SceneDelegate.swift in Sources */ = {isa = PBXBuildFile; fileRef = 84A2FF34270ACAF200500117 /* SceneDelegate.swift */; };
		84A2FF37270ACAF200500117 /* ViewController.swift in Sources */ = {isa = PBXBuildFile; fileRef = 84A2FF36270ACAF200500117 /* ViewController.swift */; };
		84A2FF3A270ACAF200500117 /* Main.storyboard in Resources */ = {isa = PBXBuildFile; fileRef = 84A2FF38270ACAF200500117 /* Main.storyboard */; };
		84A2FF3C270ACAF300500117 /* Assets.xcassets in Resources */ = {isa = PBXBuildFile; fileRef = 84A2FF3B270ACAF300500117 /* Assets.xcassets */; };
		84D86243270B4B08002DE5A4 /* LoginPageViewController.swift in Sources */ = {isa = PBXBuildFile; fileRef = 84D86242270B4B08002DE5A4 /* LoginPageViewController.swift */; };
		84D86245270B4B21002DE5A4 /* SignUpPageViewController.swift in Sources */ = {isa = PBXBuildFile; fileRef = 84D86244270B4B21002DE5A4 /* SignUpPageViewController.swift */; };
/* End PBXBuildFile section */

/* Begin PBXFileReference section */
		84598E87270C10D7003978F9 /* DesignTemplate.swift */ = {isa = PBXFileReference; lastKnownFileType = sourcecode.swift; path = DesignTemplate.swift; sourceTree = "<group>"; };
		84598E8B270C1B02003978F9 /* Launch Screen.storyboard */ = {isa = PBXFileReference; lastKnownFileType = file.storyboard; path = "Launch Screen.storyboard"; sourceTree = "<group>"; };
		84598E8D270C1C7C003978F9 /* LaunchScreenViewController.swift */ = {isa = PBXFileReference; lastKnownFileType = sourcecode.swift; path = LaunchScreenViewController.swift; sourceTree = "<group>"; };
		849E8045270C383C00D9D4D4 /* SignUp1ViewController.swift */ = {isa = PBXFileReference; lastKnownFileType = sourcecode.swift; path = SignUp1ViewController.swift; sourceTree = "<group>"; };
		84A2FF2F270ACAF200500117 /* Sample Project.app */ = {isa = PBXFileReference; explicitFileType = wrapper.application; includeInIndex = 0; path = "Sample Project.app"; sourceTree = BUILT_PRODUCTS_DIR; };
		84A2FF32270ACAF200500117 /* AppDelegate.swift */ = {isa = PBXFileReference; lastKnownFileType = sourcecode.swift; path = AppDelegate.swift; sourceTree = "<group>"; };
		84A2FF34270ACAF200500117 /* SceneDelegate.swift */ = {isa = PBXFileReference; lastKnownFileType = sourcecode.swift; path = SceneDelegate.swift; sourceTree = "<group>"; };
		84A2FF36270ACAF200500117 /* ViewController.swift */ = {isa = PBXFileReference; lastKnownFileType = sourcecode.swift; path = ViewController.swift; sourceTree = "<group>"; };
		84A2FF39270ACAF200500117 /* Base */ = {isa = PBXFileReference; lastKnownFileType = file.storyboard; name = Base; path = Base.lproj/Main.storyboard; sourceTree = "<group>"; };
		84A2FF3B270ACAF300500117 /* Assets.xcassets */ = {isa = PBXFileReference; lastKnownFileType = folder.assetcatalog; path = Assets.xcassets; sourceTree = "<group>"; };
		84A2FF40270ACAF300500117 /* Info.plist */ = {isa = PBXFileReference; lastKnownFileType = text.plist.xml; path = Info.plist; sourceTree = "<group>"; };
		84D86242270B4B08002DE5A4 /* LoginPageViewController.swift */ = {isa = PBXFileReference; lastKnownFileType = sourcecode.swift; path = LoginPageViewController.swift; sourceTree = "<group>"; };
		84D86244270B4B21002DE5A4 /* SignUpPageViewController.swift */ = {isa = PBXFileReference; lastKnownFileType = sourcecode.swift; path = SignUpPageViewController.swift; sourceTree = "<group>"; };
/* End PBXFileReference section */

/* Begin PBXFrameworksBuildPhase section */
		84A2FF2C270ACAF200500117 /* Frameworks */ = {
			isa = PBXFrameworksBuildPhase;
			buildActionMask = 2147483647;
			files = (
			);
			runOnlyForDeploymentPostprocessing = 0;
		};
/* End PBXFrameworksBuildPhase section */

/* Begin PBXGroup section */
		84A2FF26270ACAF200500117 = {
			isa = PBXGroup;
			children = (
				84A2FF31270ACAF200500117 /* Sample Project */,
				84A2FF30270ACAF200500117 /* Products */,
			);
			sourceTree = "<group>";
		};
		84A2FF30270ACAF200500117 /* Products */ = {
			isa = PBXGroup;
			children = (
				84A2FF2F270ACAF200500117 /* Sample Project.app */,
			);
			name = Products;
			sourceTree = "<group>";
		};
		84A2FF31270ACAF200500117 /* Sample Project */ = {
			isa = PBXGroup;
			children = (
				84A2FF32270ACAF200500117 /* AppDelegate.swift */,
				84A2FF34270ACAF200500117 /* SceneDelegate.swift */,
				84A2FF36270ACAF200500117 /* ViewController.swift */,
				84A2FF38270ACAF200500117 /* Main.storyboard */,
				84A2FF3B270ACAF300500117 /* Assets.xcassets */,
				84A2FF40270ACAF300500117 /* Info.plist */,
				84D86242270B4B08002DE5A4 /* LoginPageViewController.swift */,
				84D86244270B4B21002DE5A4 /* SignUpPageViewController.swift */,
				84598E87270C10D7003978F9 /* DesignTemplate.swift */,
				84598E8B270C1B02003978F9 /* Launch Screen.storyboard */,
				84598E8D270C1C7C003978F9 /* LaunchScreenViewController.swift */,
				849E8045270C383C00D9D4D4 /* SignUp1ViewController.swift */,
			);
			path = "Sample Project";
			sourceTree = "<group>";
		};
/* End PBXGroup section */

/* Begin PBXNativeTarget section */
		84A2FF2E270ACAF200500117 /* Sample Project */ = {
			isa = PBXNativeTarget;
			buildConfigurationList = 84A2FF43270ACAF300500117 /* Build configuration list for PBXNativeTarget "Sample Project" */;
			buildPhases = (
				84A2FF2B270ACAF200500117 /* Sources */,
				84A2FF2C270ACAF200500117 /* Frameworks */,
				84A2FF2D270ACAF200500117 /* Resources */,
			);
			buildRules = (
			);
			dependencies = (
			);
			name = "Sample Project";
			productName = "Sample Project";
			productReference = 84A2FF2F270ACAF200500117 /* Sample Project.app */;
			productType = "com.apple.product-type.application";
		};
/* End PBXNativeTarget section */

/* Begin PBXProject section */
		84A2FF27270ACAF200500117 /* Project object */ = {
			isa = PBXProject;
			attributes = {
				LastSwiftUpdateCheck = 1250;
				LastUpgradeCheck = 1250;
				TargetAttributes = {
					84A2FF2E270ACAF200500117 = {
						CreatedOnToolsVersion = 12.5.1;
					};
				};
			};
			buildConfigurationList = 84A2FF2A270ACAF200500117 /* Build configuration list for PBXProject "Sample Project" */;
			compatibilityVersion = "Xcode 9.3";
			developmentRegion = en;
			hasScannedForEncodings = 0;
			knownRegions = (
				en,
				Base,
			);
			mainGroup = 84A2FF26270ACAF200500117;
			productRefGroup = 84A2FF30270ACAF200500117 /* Products */;
			projectDirPath = "";
			projectRoot = "";
			targets = (
				84A2FF2E270ACAF200500117 /* Sample Project */,
			);
		};
/* End PBXProject section */

/* Begin PBXResourcesBuildPhase section */
		84A2FF2D270ACAF200500117 /* Resources */ = {
			isa = PBXResourcesBuildPhase;
			buildActionMask = 2147483647;
			files = (
				84A2FF3C270ACAF300500117 /* Assets.xcassets in Resources */,
				84598E8C270C1B02003978F9 /* Launch Screen.storyboard in Resources */,
				84A2FF3A270ACAF200500117 /* Main.storyboard in Resources */,
			);
			runOnlyForDeploymentPostprocessing = 0;
		};
/* End PBXResourcesBuildPhase section */

/* Begin PBXSourcesBuildPhase section */
		84A2FF2B270ACAF200500117 /* Sources */ = {
			isa = PBXSourcesBuildPhase;
			buildActionMask = 2147483647;
			files = (
				84A2FF37270ACAF200500117 /* ViewController.swift in Sources */,
				84598E88270C10D7003978F9 /* DesignTemplate.swift in Sources */,
				84D86243270B4B08002DE5A4 /* LoginPageViewController.swift in Sources */,
				84A2FF33270ACAF200500117 /* AppDelegate.swift in Sources */,
				849E8046270C383C00D9D4D4 /* SignUp1ViewController.swift in Sources */,
				84A2FF35270ACAF200500117 /* SceneDelegate.swift in Sources */,
				84D86245270B4B21002DE5A4 /* SignUpPageViewController.swift in Sources */,
				84598E8E270C1C7C003978F9 /* LaunchScreenViewController.swift in Sources */,
			);
			runOnlyForDeploymentPostprocessing = 0;
		};
/* End PBXSourcesBuildPhase section */

/* Begin PBXVariantGroup section */
		84A2FF38270ACAF200500117 /* Main.storyboard */ = {
			isa = PBXVariantGroup;
			children = (
				84A2FF39270ACAF200500117 /* Base */,
			);
			name = Main.storyboard;
			sourceTree = "<group>";
		};
/* End PBXVariantGroup section */

/* Begin XCBuildConfiguration section */
		84A2FF41270ACAF300500117 /* Debug */ = {
			isa = XCBuildConfiguration;
			buildSettings = {
				ALWAYS_SEARCH_USER_PATHS = NO;
				CLANG_ANALYZER_NONNULL = YES;
				CLANG_ANALYZER_NUMBER_OBJECT_CONVERSION = YES_AGGRESSIVE;
				CLANG_CXX_LANGUAGE_STANDARD = "gnu++14";
				CLANG_CXX_LIBRARY = "libc++";
				CLANG_ENABLE_MODULES = YES;
				CLANG_ENABLE_OBJC_ARC = YES;
				CLANG_ENABLE_OBJC_WEAK = YES;
				CLANG_WARN_BLOCK_CAPTURE_AUTORELEASING = YES;
				CLANG_WARN_BOOL_CONVERSION = YES;
				CLANG_WARN_COMMA = YES;
				CLANG_WARN_CONSTANT_CONVERSION = YES;
				CLANG_WARN_DEPRECATED_OBJC_IMPLEMENTATIONS = YES;
				CLANG_WARN_DIRECT_OBJC_ISA_USAGE = YES_ERROR;
				CLANG_WARN_DOCUMENTATION_COMMENTS = YES;
				CLANG_WARN_EMPTY_BODY = YES;
				CLANG_WARN_ENUM_CONVERSION = YES;
				CLANG_WARN_INFINITE_RECURSION = YES;
				CLANG_WARN_INT_CONVERSION = YES;
				CLANG_WARN_NON_LITERAL_NULL_CONVERSION = YES;
				CLANG_WARN_OBJC_IMPLICIT_RETAIN_SELF = YES;
				CLANG_WARN_OBJC_LITERAL_CONVERSION = YES;
				CLANG_WARN_OBJC_ROOT_CLASS = YES_ERROR;
				CLANG_WARN_QUOTED_INCLUDE_IN_FRAMEWORK_HEADER = YES;
				CLANG_WARN_RANGE_LOOP_ANALYSIS = YES;
				CLANG_WARN_STRICT_PROTOTYPES = YES;
				CLANG_WARN_SUSPICIOUS_MOVE = YES;
				CLANG_WARN_UNGUARDED_AVAILABILITY = YES_AGGRESSIVE;
				CLANG_WARN_UNREACHABLE_CODE = YES;
				CLANG_WARN__DUPLICATE_METHOD_MATCH = YES;
				COPY_PHASE_STRIP = NO;
				DEBUG_INFORMATION_FORMAT = dwarf;
				ENABLE_STRICT_OBJC_MSGSEND = YES;
				ENABLE_TESTABILITY = YES;
				GCC_C_LANGUAGE_STANDARD = gnu11;
				GCC_DYNAMIC_NO_PIC = NO;
				GCC_NO_COMMON_BLOCKS = YES;
				GCC_OPTIMIZATION_LEVEL = 0;
				GCC_PREPROCESSOR_DEFINITIONS = (
					"DEBUG=1",
					"$(inherited)",
				);
				GCC_WARN_64_TO_32_BIT_CONVERSION = YES;
				GCC_WARN_ABOUT_RETURN_TYPE = YES_ERROR;
				GCC_WARN_UNDECLARED_SELECTOR = YES;
				GCC_WARN_UNINITIALIZED_AUTOS = YES_AGGRESSIVE;
				GCC_WARN_UNUSED_FUNCTION = YES;
				GCC_WARN_UNUSED_VARIABLE = YES;
				IPHONEOS_DEPLOYMENT_TARGET = 14.5;
				MTL_ENABLE_DEBUG_INFO = INCLUDE_SOURCE;
				MTL_FAST_MATH = YES;
				ONLY_ACTIVE_ARCH = YES;
				SDKROOT = iphoneos;
				SWIFT_ACTIVE_COMPILATION_CONDITIONS = DEBUG;
				SWIFT_OPTIMIZATION_LEVEL = "-Onone";
			};
			name = Debug;
		};
		84A2FF42270ACAF300500117 /* Release */ = {
			isa = XCBuildConfiguration;
			buildSettings = {
				ALWAYS_SEARCH_USER_PATHS = NO;
				CLANG_ANALYZER_NONNULL = YES;
				CLANG_ANALYZER_NUMBER_OBJECT_CONVERSION = YES_AGGRESSIVE;
				CLANG_CXX_LANGUAGE_STANDARD = "gnu++14";
				CLANG_CXX_LIBRARY = "libc++";
				CLANG_ENABLE_MODULES = YES;
				CLANG_ENABLE_OBJC_ARC = YES;
				CLANG_ENABLE_OBJC_WEAK = YES;
				CLANG_WARN_BLOCK_CAPTURE_AUTORELEASING = YES;
				CLANG_WARN_BOOL_CONVERSION = YES;
				CLANG_WARN_COMMA = YES;
				CLANG_WARN_CONSTANT_CONVERSION = YES;
				CLANG_WARN_DEPRECATED_OBJC_IMPLEMENTATIONS = YES;
				CLANG_WARN_DIRECT_OBJC_ISA_USAGE = YES_ERROR;
				CLANG_WARN_DOCUMENTATION_COMMENTS = YES;
				CLANG_WARN_EMPTY_BODY = YES;
				CLANG_WARN_ENUM_CONVERSION = YES;
				CLANG_WARN_INFINITE_RECURSION = YES;
				CLANG_WARN_INT_CONVERSION = YES;
				CLANG_WARN_NON_LITERAL_NULL_CONVERSION = YES;
				CLANG_WARN_OBJC_IMPLICIT_RETAIN_SELF = YES;
				CLANG_WARN_OBJC_LITERAL_CONVERSION = YES;
				CLANG_WARN_OBJC_ROOT_CLASS = YES_ERROR;
				CLANG_WARN_QUOTED_INCLUDE_IN_FRAMEWORK_HEADER = YES;
				CLANG_WARN_RANGE_LOOP_ANALYSIS = YES;
				CLANG_WARN_STRICT_PROTOTYPES = YES;
				CLANG_WARN_SUSPICIOUS_MOVE = YES;
				CLANG_WARN_UNGUARDED_AVAILABILITY = YES_AGGRESSIVE;
				CLANG_WARN_UNREACHABLE_CODE = YES;
				CLANG_WARN__DUPLICATE_METHOD_MATCH = YES;
				COPY_PHASE_STRIP = NO;
				DEBUG_INFORMATION_FORMAT = "dwarf-with-dsym";
				ENABLE_NS_ASSERTIONS = NO;
				ENABLE_STRICT_OBJC_MSGSEND = YES;
				GCC_C_LANGUAGE_STANDARD = gnu11;
				GCC_NO_COMMON_BLOCKS = YES;
				GCC_WARN_64_TO_32_BIT_CONVERSION = YES;
				GCC_WARN_ABOUT_RETURN_TYPE = YES_ERROR;
				GCC_WARN_UNDECLARED_SELECTOR = YES;
				GCC_WARN_UNINITIALIZED_AUTOS = YES_AGGRESSIVE;
				GCC_WARN_UNUSED_FUNCTION = YES;
				GCC_WARN_UNUSED_VARIABLE = YES;
				IPHONEOS_DEPLOYMENT_TARGET = 14.5;
				MTL_ENABLE_DEBUG_INFO = NO;
				MTL_FAST_MATH = YES;
				SDKROOT = iphoneos;
				SWIFT_COMPILATION_MODE = wholemodule;
				SWIFT_OPTIMIZATION_LEVEL = "-O";
				VALIDATE_PRODUCT = YES;
			};
			name = Release;
		};
		84A2FF44270ACAF300500117 /* Debug */ = {
			isa = XCBuildConfiguration;
			buildSettings = {
				ASSETCATALOG_COMPILER_APPICON_NAME = AppIcon;
				ASSETCATALOG_COMPILER_GLOBAL_ACCENT_COLOR_NAME = AccentColor;
				CODE_SIGN_STYLE = Automatic;
				INFOPLIST_FILE = "Sample Project/Info.plist";
				LD_RUNPATH_SEARCH_PATHS = (
					"$(inherited)",
					"@executable_path/Frameworks",
				);
				PRODUCT_BUNDLE_IDENTIFIER = "opsfuse.Sample-Project";
				PRODUCT_NAME = "$(TARGET_NAME)";
				SWIFT_VERSION = 5.0;
				TARGETED_DEVICE_FAMILY = "1,2";
			};
			name = Debug;
		};
		84A2FF45270ACAF300500117 /* Release */ = {
			isa = XCBuildConfiguration;
			buildSettings = {
				ASSETCATALOG_COMPILER_APPICON_NAME = AppIcon;
				ASSETCATALOG_COMPILER_GLOBAL_ACCENT_COLOR_NAME = AccentColor;
				CODE_SIGN_STYLE = Automatic;
				INFOPLIST_FILE = "Sample Project/Info.plist";
				LD_RUNPATH_SEARCH_PATHS = (
					"$(inherited)",
					"@executable_path/Frameworks",
				);
				PRODUCT_BUNDLE_IDENTIFIER = "opsfuse.Sample-Project";
				PRODUCT_NAME = "$(TARGET_NAME)";
				SWIFT_VERSION = 5.0;
				TARGETED_DEVICE_FAMILY = "1,2";
			};
			name = Release;
		};
/* End XCBuildConfiguration section */

/* Begin XCConfigurationList section */
		84A2FF2A270ACAF200500117 /* Build configuration list for PBXProject "Sample Project" */ = {
			isa = XCConfigurationList;
			buildConfigurations = (
				84A2FF41270ACAF300500117 /* Debug */,
				84A2FF42270ACAF300500117 /* Release */,
			);
			defaultConfigurationIsVisible = 0;
			defaultConfigurationName = Release;
		};
		84A2FF43270ACAF300500117 /* Build configuration list for PBXNativeTarget "Sample Project" */ = {
			isa = XCConfigurationList;
			buildConfigurations = (
				84A2FF44270ACAF300500117 /* Debug */,
				84A2FF45270ACAF300500117 /* Release */,
			);
			defaultConfigurationIsVisible = 0;
			defaultConfigurationName = Release;
		};
/* End XCConfigurationList section */
	};
	rootObject = 84A2FF27270ACAF200500117 /* Project object */;
}
